
Microsoft Visual Studio Solution File, Format Version 12.00
# Visual Studio 2012
Project("{FAE04EC0-301F-11D3-BF4B-00C04F79EFBC}") = "SASSandLess", "SASSandLess\SASSandLess.csproj", "{66B99BF1-0574-4BA4-8A93-8AF22EF41A6F}"
EndProject
Global
	GlobalSection(SolutionConfigurationPlatforms) = preSolution
		Debug|Any CPU = Debug|Any CPU
		Release|Any CPU = Release|Any CPU
	EndGlobalSection
	GlobalSection(ProjectConfigurationPlatforms) = postSolution
		{66B99BF1-0574-4BA4-8A93-8AF22EF41A6F}.Debug|Any CPU.ActiveCfg = Debug|Any CPU
		{66B99BF1-0574-4BA4-8A93-8AF22EF41A6F}.Debug|Any CPU.Build.0 = Debug|Any CPU
		{66B99BF1-0574-4BA4-8A93-8AF22EF41A6F}.Release|Any CPU.ActiveCfg = Release|Any CPU
		{66B99BF1-0574-4BA4-8A93-8AF22EF41A6F}.Release|Any CPU.Build.0 = Release|Any CPU
	EndGlobalSection
	GlobalSection(SolutionProperties) = preSolution
		HideSolutionNode = FALSE
	EndGlobalSection
EndGlobal
